
Microsoft Visual Studio Solution File, Format Version 12.00
Project("{FAE04EC0-301F-11D3-BF4B-00C04F79EFBC}") = "CsharpStudy.Game", "CsharpStudy.Game\CsharpStudy.Game.csproj", "{B9B292B8-A726-4BC2-949A-F6DBBE2E9DDE}"
EndProject
Project("{FAE04EC0-301F-11D3-BF4B-00C04F79EFBC}") = "CsharpStudy.Asset", "CsharpStudy.Asset\CsharpStudy.Asset.csproj", "{2FE70544-BD52-44AB-868B-72D036418F75}"
EndProject
Project("{FAE04EC0-301F-11D3-BF4B-00C04F79EFBC}") = "CsharpStudy.Game.Tests", "CsharpStudy.Game.Tests\CsharpStudy.Game.Tests.csproj", "{EB7F7E3B-13B5-4045-8B6C-B844D3196667}"
EndProject
Project("{FAE04EC0-301F-11D3-BF4B-00C04F79EFBC}") = "CsharpStudy.2hakgi", "CsharpStudy.2hakgi\CsharpStudy.2hakgi.csproj", "{0E1D171C-829A-49A7-BB28-6EC98FA682EA}"
EndProject
Project("{FAE04EC0-301F-11D3-BF4B-00C04F79EFBC}") = "CsharpStudy.Debug", "CsharpStudy.Debug\CsharpStudy.Debug.csproj", "{DF15F712-68B2-4AD3-A1F6-A8762CD590C6}"
EndProject
Project("{FAE04EC0-301F-11D3-BF4B-00C04F79EFBC}") = "FP2", "FP2\FP2.csproj", "{6A371D59-F683-40BA-AAE2-83814B80C036}"
EndProject
Project("{FAE04EC0-301F-11D3-BF4B-00C04F79EFBC}") = "Exception", "Exception\Exception.csproj", "{20CE6423-98E1-4E7B-990D-784F1CBCE133}"
EndProject
Project("{FAE04EC0-301F-11D3-BF4B-00C04F79EFBC}") = "FileSystem", "FileSystem\FileSystem.csproj", "{1D32FD80-6B1E-44AA-8BD2-02914866D421}"
EndProject
Project("{FAE04EC0-301F-11D3-BF4B-00C04F79EFBC}") = "CsharpStudy.Data", "CsharpStudy.Data\CsharpStudy.Data.csproj", "{62656AC0-8994-4705-B9D4-6F1ECF7EF43A}"
EndProject
Project("{FAE04EC0-301F-11D3-BF4B-00C04F79EFBC}") = "CsharpStudy.be", "CsharpStudy.be\CsharpStudy.be.csproj", "{7DB47738-9939-48D7-BD7E-3A378466B8D8}"
EndProject
Project("{FAE04EC0-301F-11D3-BF4B-00C04F79EFBC}") = "CshaprStudy.File_Copy", "CshaprStudy.File_Copy\CshaprStudy.File_Copy.csproj", "{00A870E3-477B-4B50-9B6B-2344BF8EF57F}"
EndProject
Project("{FAE04EC0-301F-11D3-BF4B-00C04F79EFBC}") = "RepositoryStudy", "RepositoryStudy\RepositoryStudy.csproj", "{F5800757-7BCE-4732-B503-0E6FF381A63A}"
EndProject
Project("{FAE04EC0-301F-11D3-BF4B-00C04F79EFBC}") = "CsharpStudy.Http", "CsharpStudy.Http\CsharpStudy.Http.csproj", "{AB0A0BDD-EE8E-4D36-831C-9D3CA9B2109B}"
EndProject
Project("{FAE04EC0-301F-11D3-BF4B-00C04F79EFBC}") = "CsharpStudy.HttpStudy", "CsharpStudy.HttpStudy\CsharpStudy.HttpStudy.csproj", "{C04D3A1C-BEB9-4D27-9E10-53960E4B24A7}"
EndProject
Global
	GlobalSection(SolutionConfigurationPlatforms) = preSolution
		Debug|Any CPU = Debug|Any CPU
		Release|Any CPU = Release|Any CPU
	EndGlobalSection
	GlobalSection(ProjectConfigurationPlatforms) = postSolution
		{B9B292B8-A726-4BC2-949A-F6DBBE2E9DDE}.Debug|Any CPU.ActiveCfg = Debug|Any CPU
		{B9B292B8-A726-4BC2-949A-F6DBBE2E9DDE}.Debug|Any CPU.Build.0 = Debug|Any CPU
		{B9B292B8-A726-4BC2-949A-F6DBBE2E9DDE}.Release|Any CPU.ActiveCfg = Release|Any CPU
		{B9B292B8-A726-4BC2-949A-F6DBBE2E9DDE}.Release|Any CPU.Build.0 = Release|Any CPU
		{2FE70544-BD52-44AB-868B-72D036418F75}.Debug|Any CPU.ActiveCfg = Debug|Any CPU
		{2FE70544-BD52-44AB-868B-72D036418F75}.Debug|Any CPU.Build.0 = Debug|Any CPU
		{2FE70544-BD52-44AB-868B-72D036418F75}.Release|Any CPU.ActiveCfg = Release|Any CPU
		{2FE70544-BD52-44AB-868B-72D036418F75}.Release|Any CPU.Build.0 = Release|Any CPU
		{EB7F7E3B-13B5-4045-8B6C-B844D3196667}.Debug|Any CPU.ActiveCfg = Debug|Any CPU
		{EB7F7E3B-13B5-4045-8B6C-B844D3196667}.Debug|Any CPU.Build.0 = Debug|Any CPU
		{EB7F7E3B-13B5-4045-8B6C-B844D3196667}.Release|Any CPU.ActiveCfg = Release|Any CPU
		{EB7F7E3B-13B5-4045-8B6C-B844D3196667}.Release|Any CPU.Build.0 = Release|Any CPU
		{0E1D171C-829A-49A7-BB28-6EC98FA682EA}.Debug|Any CPU.ActiveCfg = Debug|Any CPU
		{0E1D171C-829A-49A7-BB28-6EC98FA682EA}.Debug|Any CPU.Build.0 = Debug|Any CPU
		{0E1D171C-829A-49A7-BB28-6EC98FA682EA}.Release|Any CPU.ActiveCfg = Release|Any CPU
		{0E1D171C-829A-49A7-BB28-6EC98FA682EA}.Release|Any CPU.Build.0 = Release|Any CPU
		{DF15F712-68B2-4AD3-A1F6-A8762CD590C6}.Debug|Any CPU.ActiveCfg = Debug|Any CPU
		{DF15F712-68B2-4AD3-A1F6-A8762CD590C6}.Debug|Any CPU.Build.0 = Debug|Any CPU
		{DF15F712-68B2-4AD3-A1F6-A8762CD590C6}.Release|Any CPU.ActiveCfg = Release|Any CPU
		{DF15F712-68B2-4AD3-A1F6-A8762CD590C6}.Release|Any CPU.Build.0 = Release|Any CPU
		{6A371D59-F683-40BA-AAE2-83814B80C036}.Debug|Any CPU.ActiveCfg = Debug|Any CPU
		{6A371D59-F683-40BA-AAE2-83814B80C036}.Debug|Any CPU.Build.0 = Debug|Any CPU
		{6A371D59-F683-40BA-AAE2-83814B80C036}.Release|Any CPU.ActiveCfg = Release|Any CPU
		{6A371D59-F683-40BA-AAE2-83814B80C036}.Release|Any CPU.Build.0 = Release|Any CPU
		{20CE6423-98E1-4E7B-990D-784F1CBCE133}.Debug|Any CPU.ActiveCfg = Debug|Any CPU
		{20CE6423-98E1-4E7B-990D-784F1CBCE133}.Debug|Any CPU.Build.0 = Debug|Any CPU
		{20CE6423-98E1-4E7B-990D-784F1CBCE133}.Release|Any CPU.ActiveCfg = Release|Any CPU
		{20CE6423-98E1-4E7B-990D-784F1CBCE133}.Release|Any CPU.Build.0 = Release|Any CPU
		{1D32FD80-6B1E-44AA-8BD2-02914866D421}.Debug|Any CPU.ActiveCfg = Debug|Any CPU
		{1D32FD80-6B1E-44AA-8BD2-02914866D421}.Debug|Any CPU.Build.0 = Debug|Any CPU
		{1D32FD80-6B1E-44AA-8BD2-02914866D421}.Release|Any CPU.ActiveCfg = Release|Any CPU
		{1D32FD80-6B1E-44AA-8BD2-02914866D421}.Release|Any CPU.Build.0 = Release|Any CPU
		{62656AC0-8994-4705-B9D4-6F1ECF7EF43A}.Debug|Any CPU.ActiveCfg = Debug|Any CPU
		{62656AC0-8994-4705-B9D4-6F1ECF7EF43A}.Debug|Any CPU.Build.0 = Debug|Any CPU
		{62656AC0-8994-4705-B9D4-6F1ECF7EF43A}.Release|Any CPU.ActiveCfg = Release|Any CPU
		{62656AC0-8994-4705-B9D4-6F1ECF7EF43A}.Release|Any CPU.Build.0 = Release|Any CPU
		{7DB47738-9939-48D7-BD7E-3A378466B8D8}.Debug|Any CPU.ActiveCfg = Debug|Any CPU
		{7DB47738-9939-48D7-BD7E-3A378466B8D8}.Debug|Any CPU.Build.0 = Debug|Any CPU
		{7DB47738-9939-48D7-BD7E-3A378466B8D8}.Release|Any CPU.ActiveCfg = Release|Any CPU
		{7DB47738-9939-48D7-BD7E-3A378466B8D8}.Release|Any CPU.Build.0 = Release|Any CPU
		{00A870E3-477B-4B50-9B6B-2344BF8EF57F}.Debug|Any CPU.ActiveCfg = Debug|Any CPU
		{00A870E3-477B-4B50-9B6B-2344BF8EF57F}.Debug|Any CPU.Build.0 = Debug|Any CPU
		{00A870E3-477B-4B50-9B6B-2344BF8EF57F}.Release|Any CPU.ActiveCfg = Release|Any CPU
		{00A870E3-477B-4B50-9B6B-2344BF8EF57F}.Release|Any CPU.Build.0 = Release|Any CPU
		{F5800757-7BCE-4732-B503-0E6FF381A63A}.Debug|Any CPU.ActiveCfg = Debug|Any CPU
		{F5800757-7BCE-4732-B503-0E6FF381A63A}.Debug|Any CPU.Build.0 = Debug|Any CPU
		{F5800757-7BCE-4732-B503-0E6FF381A63A}.Release|Any CPU.ActiveCfg = Release|Any CPU
		{F5800757-7BCE-4732-B503-0E6FF381A63A}.Release|Any CPU.Build.0 = Release|Any CPU
		{AB0A0BDD-EE8E-4D36-831C-9D3CA9B2109B}.Debug|Any CPU.ActiveCfg = Debug|Any CPU
		{AB0A0BDD-EE8E-4D36-831C-9D3CA9B2109B}.Debug|Any CPU.Build.0 = Debug|Any CPU
		{AB0A0BDD-EE8E-4D36-831C-9D3CA9B2109B}.Release|Any CPU.ActiveCfg = Release|Any CPU
		{AB0A0BDD-EE8E-4D36-831C-9D3CA9B2109B}.Release|Any CPU.Build.0 = Release|Any CPU
		{C04D3A1C-BEB9-4D27-9E10-53960E4B24A7}.Debug|Any CPU.ActiveCfg = Debug|Any CPU
		{C04D3A1C-BEB9-4D27-9E10-53960E4B24A7}.Debug|Any CPU.Build.0 = Debug|Any CPU
		{C04D3A1C-BEB9-4D27-9E10-53960E4B24A7}.Release|Any CPU.ActiveCfg = Release|Any CPU
		{C04D3A1C-BEB9-4D27-9E10-53960E4B24A7}.Release|Any CPU.Build.0 = Release|Any CPU
	EndGlobalSection
	GlobalSection(NestedProjects) = preSolution
	EndGlobalSection
EndGlobal
