
Microsoft Visual Studio Solution File, Format Version 12.00
Project("{FAE04EC0-301F-11D3-BF4B-00C04F79EFBC}") = "CsharpStudy.Game", "CsharpStudy.Game\CsharpStudy.Game.csproj", "{B9B292B8-A726-4BC2-949A-F6DBBE2E9DDE}"
EndProject
Project("{FAE04EC0-301F-11D3-BF4B-00C04F79EFBC}") = "CsharpStudy.Asset", "CsharpStudy.Asset\CsharpStudy.Asset.csproj", "{2FE70544-BD52-44AB-868B-72D036418F75}"
EndProject
Project("{FAE04EC0-301F-11D3-BF4B-00C04F79EFBC}") = "CsharpStudy.Game.Tests", "CsharpStudy.Game.Tests\CsharpStudy.Game.Tests.csproj", "{EB7F7E3B-13B5-4045-8B6C-B844D3196667}"
EndProject
Project("{FAE04EC0-301F-11D3-BF4B-00C04F79EFBC}") = "CsharpStudy.2hakgi", "CsharpStudy.2hakgi\CsharpStudy.2hakgi.csproj", "{0E1D171C-829A-49A7-BB28-6EC98FA682EA}"
EndProject
Project("{FAE04EC0-301F-11D3-BF4B-00C04F79EFBC}") = "CsharpStudy.Debug", "CsharpStudy.Debug\CsharpStudy.Debug.csproj", "{DF15F712-68B2-4AD3-A1F6-A8762CD590C6}"
EndProject
Global
	GlobalSection(SolutionConfigurationPlatforms) = preSolution
		Debug|Any CPU = Debug|Any CPU
		Release|Any CPU = Release|Any CPU
	EndGlobalSection
	GlobalSection(ProjectConfigurationPlatforms) = postSolution
		{B9B292B8-A726-4BC2-949A-F6DBBE2E9DDE}.Debug|Any CPU.ActiveCfg = Debug|Any CPU
		{B9B292B8-A726-4BC2-949A-F6DBBE2E9DDE}.Debug|Any CPU.Build.0 = Debug|Any CPU
		{B9B292B8-A726-4BC2-949A-F6DBBE2E9DDE}.Release|Any CPU.ActiveCfg = Release|Any CPU
		{B9B292B8-A726-4BC2-949A-F6DBBE2E9DDE}.Release|Any CPU.Build.0 = Release|Any CPU
		{2FE70544-BD52-44AB-868B-72D036418F75}.Debug|Any CPU.ActiveCfg = Debug|Any CPU
		{2FE70544-BD52-44AB-868B-72D036418F75}.Debug|Any CPU.Build.0 = Debug|Any CPU
		{2FE70544-BD52-44AB-868B-72D036418F75}.Release|Any CPU.ActiveCfg = Release|Any CPU
		{2FE70544-BD52-44AB-868B-72D036418F75}.Release|Any CPU.Build.0 = Release|Any CPU
		{EB7F7E3B-13B5-4045-8B6C-B844D3196667}.Debug|Any CPU.ActiveCfg = Debug|Any CPU
		{EB7F7E3B-13B5-4045-8B6C-B844D3196667}.Debug|Any CPU.Build.0 = Debug|Any CPU
		{EB7F7E3B-13B5-4045-8B6C-B844D3196667}.Release|Any CPU.ActiveCfg = Release|Any CPU
		{EB7F7E3B-13B5-4045-8B6C-B844D3196667}.Release|Any CPU.Build.0 = Release|Any CPU
		{0E1D171C-829A-49A7-BB28-6EC98FA682EA}.Debug|Any CPU.ActiveCfg = Debug|Any CPU
		{0E1D171C-829A-49A7-BB28-6EC98FA682EA}.Debug|Any CPU.Build.0 = Debug|Any CPU
		{0E1D171C-829A-49A7-BB28-6EC98FA682EA}.Release|Any CPU.ActiveCfg = Release|Any CPU
		{0E1D171C-829A-49A7-BB28-6EC98FA682EA}.Release|Any CPU.Build.0 = Release|Any CPU
		{DF15F712-68B2-4AD3-A1F6-A8762CD590C6}.Debug|Any CPU.ActiveCfg = Debug|Any CPU
		{DF15F712-68B2-4AD3-A1F6-A8762CD590C6}.Debug|Any CPU.Build.0 = Debug|Any CPU
		{DF15F712-68B2-4AD3-A1F6-A8762CD590C6}.Release|Any CPU.ActiveCfg = Release|Any CPU
		{DF15F712-68B2-4AD3-A1F6-A8762CD590C6}.Release|Any CPU.Build.0 = Release|Any CPU
	EndGlobalSection
	GlobalSection(NestedProjects) = preSolution
	EndGlobalSection
EndGlobal
